{
  "name": "gameproject",
  "version": "1.0.0",
  "lockfileVersion": 2,
  "requires": true,
  "packages": {
    "": {
      "name": "gameproject",
      "version": "1.0.0",
      "license": "ISC",
      "dependencies": {
        "p5": "^1.4.1",
        "phaser": "^3.15.1"
      }
    },
    "node_modules/eventemitter3": {
      "version": "3.1.2",
      "resolved": "https://registry.npmjs.org/eventemitter3/-/eventemitter3-3.1.2.tgz",
      "integrity": "sha512-tvtQIeLVHjDkJYnzf2dgVMxfuSGJeM/7UCG17TT4EumTfNtF+0nebF/4zWOIkCreAbtNqhGEboB6BWrwqNaw4Q=="
    },
    "node_modules/p5": {
      "version": "1.4.1",
      "resolved": "https://registry.npmjs.org/p5/-/p5-1.4.1.tgz",
      "integrity": "sha512-3/X+qb0bK2Cg8nuZNpZZvzxkeUSRghOf0S+l8c+U8yIkUTVSbbcV0R8y96rx3InVBVhk8cH9kFC93VlZZElqSw=="
    },
    "node_modules/phaser": {
      "version": "3.15.1",
      "resolved": "https://registry.npmjs.org/phaser/-/phaser-3.15.1.tgz",
      "integrity": "sha512-K2IaBziSW6OFyIkIFyJgBSi+kL1yip3gbL6TBsjzesJqLxP3o5+NwfPf6fqrQ4yxBYbbuKP2da5lsh5LFw7jXA==",
      "hasInstallScript": true,
      "dependencies": {
        "eventemitter3": "^3.1.0"
      }
    }
  },
  "dependencies": {
    "eventemitter3": {
      "version": "3.1.2",
      "resolved": "https://registry.npmjs.org/eventemitter3/-/eventemitter3-3.1.2.tgz",
      "integrity": "sha512-tvtQIeLVHjDkJYnzf2dgVMxfuSGJeM/7UCG17TT4EumTfNtF+0nebF/4zWOIkCreAbtNqhGEboB6BWrwqNaw4Q=="
    },
    "p5": {
      "version": "1.4.1",
      "resolved": "https://registry.npmjs.org/p5/-/p5-1.4.1.tgz",
      "integrity": "sha512-3/X+qb0bK2Cg8nuZNpZZvzxkeUSRghOf0S+l8c+U8yIkUTVSbbcV0R8y96rx3InVBVhk8cH9kFC93VlZZElqSw=="
    },
    "phaser": {
      "version": "3.15.1",
      "resolved": "https://registry.npmjs.org/phaser/-/phaser-3.15.1.tgz",
      "integrity": "sha512-K2IaBziSW6OFyIkIFyJgBSi+kL1yip3gbL6TBsjzesJqLxP3o5+NwfPf6fqrQ4yxBYbbuKP2da5lsh5LFw7jXA==",
      "requires": {
        "eventemitter3": "^3.1.0"
      }
    }
  }
}
